
Microsoft Visual Studio Solution File, Format Version 12.00
Project("{FAE04EC0-301F-11D3-BF4B-00C04F79EFBC}") = "CakeDistribution", "CakeDistribution\CakeDistribution.csproj", "{C349670B-46EB-4DA2-8396-EA33A986E066}"
EndProject
Project("{FAE04EC0-301F-11D3-BF4B-00C04F79EFBC}") = "CakeProtoBuilder", "CakeProtoBuilder\CakeProtoBuilder.csproj", "{AC0BDD9B-E447-4BD5-B050-46BC8AAF86EF}"
EndProject
Project("{FAE04EC0-301F-11D3-BF4B-00C04F79EFBC}") = "CakeDistributionDotNetCore", "CakeDistributionDotNetCore\CakeDistributionDotNetCore.csproj", "{8AD29BC4-3E31-4820-833E-9D3C1A8FF144}"
EndProject
Global
	GlobalSection(SolutionConfigurationPlatforms) = preSolution
		Debug|Any CPU = Debug|Any CPU
		Release|Any CPU = Release|Any CPU
	EndGlobalSection
	GlobalSection(ProjectConfigurationPlatforms) = postSolution
		{C349670B-46EB-4DA2-8396-EA33A986E066}.Debug|Any CPU.ActiveCfg = Debug|Any CPU
		{C349670B-46EB-4DA2-8396-EA33A986E066}.Debug|Any CPU.Build.0 = Debug|Any CPU
		{C349670B-46EB-4DA2-8396-EA33A986E066}.Release|Any CPU.ActiveCfg = Release|Any CPU
		{C349670B-46EB-4DA2-8396-EA33A986E066}.Release|Any CPU.Build.0 = Release|Any CPU
		{8C87D368-5C04-4C47-B529-A4B4FC313690}.Debug|Any CPU.ActiveCfg = Debug|Any CPU
		{8C87D368-5C04-4C47-B529-A4B4FC313690}.Debug|Any CPU.Build.0 = Debug|Any CPU
		{8C87D368-5C04-4C47-B529-A4B4FC313690}.Release|Any CPU.ActiveCfg = Release|Any CPU
		{8C87D368-5C04-4C47-B529-A4B4FC313690}.Release|Any CPU.Build.0 = Release|Any CPU
		{AC0BDD9B-E447-4BD5-B050-46BC8AAF86EF}.Debug|Any CPU.ActiveCfg = Debug|Any CPU
		{AC0BDD9B-E447-4BD5-B050-46BC8AAF86EF}.Debug|Any CPU.Build.0 = Debug|Any CPU
		{AC0BDD9B-E447-4BD5-B050-46BC8AAF86EF}.Release|Any CPU.ActiveCfg = Release|Any CPU
		{AC0BDD9B-E447-4BD5-B050-46BC8AAF86EF}.Release|Any CPU.Build.0 = Release|Any CPU
		{8AD29BC4-3E31-4820-833E-9D3C1A8FF144}.Debug|Any CPU.ActiveCfg = Debug|Any CPU
		{8AD29BC4-3E31-4820-833E-9D3C1A8FF144}.Debug|Any CPU.Build.0 = Debug|Any CPU
		{8AD29BC4-3E31-4820-833E-9D3C1A8FF144}.Release|Any CPU.ActiveCfg = Release|Any CPU
		{8AD29BC4-3E31-4820-833E-9D3C1A8FF144}.Release|Any CPU.Build.0 = Release|Any CPU
	EndGlobalSection
EndGlobal
